// !$*UTF8*$!
{
	archiveVersion = 1;
	classes = {
	};
	objectVersion = 50;
	objects = {

/* Begin PBXBuildFile section */
		341BED2926124FE1007EDC66 /* AppDelegate.swift in Sources */ = {isa = PBXBuildFile; fileRef = 341BED2826124FE1007EDC66 /* AppDelegate.swift */; };
		341BED2B26124FE1007EDC66 /* SceneDelegate.swift in Sources */ = {isa = PBXBuildFile; fileRef = 341BED2A26124FE1007EDC66 /* SceneDelegate.swift */; };
		341BED2D26124FE1007EDC66 /* ViewController.swift in Sources */ = {isa = PBXBuildFile; fileRef = 341BED2C26124FE1007EDC66 /* ViewController.swift */; };
		341BED3026124FE1007EDC66 /* Main.storyboard in Resources */ = {isa = PBXBuildFile; fileRef = 341BED2E26124FE1007EDC66 /* Main.storyboard */; };
		341BED3226124FE6007EDC66 /* Assets.xcassets in Resources */ = {isa = PBXBuildFile; fileRef = 341BED3126124FE6007EDC66 /* Assets.xcassets */; };
		341BED3526124FE6007EDC66 /* LaunchScreen.storyboard in Resources */ = {isa = PBXBuildFile; fileRef = 341BED3326124FE6007EDC66 /* LaunchScreen.storyboard */; };
		341BED4026124FE6007EDC66 /* PaymentsTests.swift in Sources */ = {isa = PBXBuildFile; fileRef = 341BED3F26124FE6007EDC66 /* PaymentsTests.swift */; };
		341BED4B26124FE6007EDC66 /* PaymentsUITests.swift in Sources */ = {isa = PBXBuildFile; fileRef = 341BED4A26124FE6007EDC66 /* PaymentsUITests.swift */; };
/* End PBXBuildFile section */

/* Begin PBXContainerItemProxy section */
		341BED3C26124FE6007EDC66 /* PBXContainerItemProxy */ = {
			isa = PBXContainerItemProxy;
			containerPortal = 341BED1D26124FE1007EDC66 /* Project object */;
			proxyType = 1;
			remoteGlobalIDString = 341BED2426124FE1007EDC66;
			remoteInfo = Payments;
		};
		341BED4726124FE6007EDC66 /* PBXContainerItemProxy */ = {
			isa = PBXContainerItemProxy;
			containerPortal = 341BED1D26124FE1007EDC66 /* Project object */;
			proxyType = 1;
			remoteGlobalIDString = 341BED2426124FE1007EDC66;
			remoteInfo = Payments;
		};
/* End PBXContainerItemProxy section */

/* Begin PBXFileReference section */
		341BED2526124FE1007EDC66 /* Payments.app */ = {isa = PBXFileReference; explicitFileType = wrapper.application; includeInIndex = 0; path = Payments.app; sourceTree = BUILT_PRODUCTS_DIR; };
		341BED2826124FE1007EDC66 /* AppDelegate.swift */ = {isa = PBXFileReference; lastKnownFileType = sourcecode.swift; path = AppDelegate.swift; sourceTree = "<group>"; };
		341BED2A26124FE1007EDC66 /* SceneDelegate.swift */ = {isa = PBXFileReference; lastKnownFileType = sourcecode.swift; path = SceneDelegate.swift; sourceTree = "<group>"; };
		341BED2C26124FE1007EDC66 /* ViewController.swift */ = {isa = PBXFileReference; lastKnownFileType = sourcecode.swift; path = ViewController.swift; sourceTree = "<group>"; };
		341BED2F26124FE1007EDC66 /* Base */ = {isa = PBXFileReference; lastKnownFileType = file.storyboard; name = Base; path = Base.lproj/Main.storyboard; sourceTree = "<group>"; };
		341BED3126124FE6007EDC66 /* Assets.xcassets */ = {isa = PBXFileReference; lastKnownFileType = folder.assetcatalog; path = Assets.xcassets; sourceTree = "<group>"; };
		341BED3426124FE6007EDC66 /* Base */ = {isa = PBXFileReference; lastKnownFileType = file.storyboard; name = Base; path = Base.lproj/LaunchScreen.storyboard; sourceTree = "<group>"; };
		341BED3626124FE6007EDC66 /* Info.plist */ = {isa = PBXFileReference; lastKnownFileType = text.plist.xml; path = Info.plist; sourceTree = "<group>"; };
		341BED3B26124FE6007EDC66 /* PaymentsTests.xctest */ = {isa = PBXFileReference; explicitFileType = wrapper.cfbundle; includeInIndex = 0; path = PaymentsTests.xctest; sourceTree = BUILT_PRODUCTS_DIR; };
		341BED3F26124FE6007EDC66 /* PaymentsTests.swift */ = {isa = PBXFileReference; lastKnownFileType = sourcecode.swift; path = PaymentsTests.swift; sourceTree = "<group>"; };
		341BED4126124FE6007EDC66 /* Info.plist */ = {isa = PBXFileReference; lastKnownFileType = text.plist.xml; path = Info.plist; sourceTree = "<group>"; };
		341BED4626124FE6007EDC66 /* PaymentsUITests.xctest */ = {isa = PBXFileReference; explicitFileType = wrapper.cfbundle; includeInIndex = 0; path = PaymentsUITests.xctest; sourceTree = BUILT_PRODUCTS_DIR; };
		341BED4A26124FE6007EDC66 /* PaymentsUITests.swift */ = {isa = PBXFileReference; lastKnownFileType = sourcecode.swift; path = PaymentsUITests.swift; sourceTree = "<group>"; };
		341BED4C26124FE6007EDC66 /* Info.plist */ = {isa = PBXFileReference; lastKnownFileType = text.plist.xml; path = Info.plist; sourceTree = "<group>"; };
/* End PBXFileReference section */

/* Begin PBXFrameworksBuildPhase section */
		341BED2226124FE1007EDC66 /* Frameworks */ = {
			isa = PBXFrameworksBuildPhase;
			buildActionMask = 2147483647;
			files = (
			);
			runOnlyForDeploymentPostprocessing = 0;
		};
		341BED3826124FE6007EDC66 /* Frameworks */ = {
			isa = PBXFrameworksBuildPhase;
			buildActionMask = 2147483647;
			files = (
			);
			runOnlyForDeploymentPostprocessing = 0;
		};
		341BED4326124FE6007EDC66 /* Frameworks */ = {
			isa = PBXFrameworksBuildPhase;
			buildActionMask = 2147483647;
			files = (
			);
			runOnlyForDeploymentPostprocessing = 0;
		};
/* End PBXFrameworksBuildPhase section */

/* Begin PBXGroup section */
		341BED1C26124FE1007EDC66 = {
			isa = PBXGroup;
			children = (
				341BED2726124FE1007EDC66 /* Payments */,
				341BED3E26124FE6007EDC66 /* PaymentsTests */,
				341BED4926124FE6007EDC66 /* PaymentsUITests */,
				341BED2626124FE1007EDC66 /* Products */,
			);
			sourceTree = "<group>";
		};
		341BED2626124FE1007EDC66 /* Products */ = {
			isa = PBXGroup;
			children = (
				341BED2526124FE1007EDC66 /* Payments.app */,
				341BED3B26124FE6007EDC66 /* PaymentsTests.xctest */,
				341BED4626124FE6007EDC66 /* PaymentsUITests.xctest */,
			);
			name = Products;
			sourceTree = "<group>";
		};
		341BED2726124FE1007EDC66 /* Payments */ = {
			isa = PBXGroup;
			children = (
				341BED2826124FE1007EDC66 /* AppDelegate.swift */,
				341BED2A26124FE1007EDC66 /* SceneDelegate.swift */,
				341BED2C26124FE1007EDC66 /* ViewController.swift */,
				341BED2E26124FE1007EDC66 /* Main.storyboard */,
				341BED3126124FE6007EDC66 /* Assets.xcassets */,
				341BED3326124FE6007EDC66 /* LaunchScreen.storyboard */,
				341BED3626124FE6007EDC66 /* Info.plist */,
			);
			path = Payments;
			sourceTree = "<group>";
		};
		341BED3E26124FE6007EDC66 /* PaymentsTests */ = {
			isa = PBXGroup;
			children = (
				341BED3F26124FE6007EDC66 /* PaymentsTests.swift */,
				341BED4126124FE6007EDC66 /* Info.plist */,
			);
			path = PaymentsTests;
			sourceTree = "<group>";
		};
		341BED4926124FE6007EDC66 /* PaymentsUITests */ = {
			isa = PBXGroup;
			children = (
				341BED4A26124FE6007EDC66 /* PaymentsUITests.swift */,
				341BED4C26124FE6007EDC66 /* Info.plist */,
			);
			path = PaymentsUITests;
			sourceTree = "<group>";
		};
/* End PBXGroup section */

/* Begin PBXNativeTarget section */
		341BED2426124FE1007EDC66 /* Payments */ = {
			isa = PBXNativeTarget;
			buildConfigurationList = 341BED4F26124FE6007EDC66 /* Build configuration list for PBXNativeTarget "Payments" */;
			buildPhases = (
				341BED2126124FE1007EDC66 /* Sources */,
				341BED2226124FE1007EDC66 /* Frameworks */,
				341BED2326124FE1007EDC66 /* Resources */,
			);
			buildRules = (
			);
			dependencies = (
			);
			name = Payments;
			productName = Payments;
			productReference = 341BED2526124FE1007EDC66 /* Payments.app */;
			productType = "com.apple.product-type.application";
		};
		341BED3A26124FE6007EDC66 /* PaymentsTests */ = {
			isa = PBXNativeTarget;
			buildConfigurationList = 341BED5226124FE6007EDC66 /* Build configuration list for PBXNativeTarget "PaymentsTests" */;
			buildPhases = (
				341BED3726124FE6007EDC66 /* Sources */,
				341BED3826124FE6007EDC66 /* Frameworks */,
				341BED3926124FE6007EDC66 /* Resources */,
			);
			buildRules = (
			);
			dependencies = (
				341BED3D26124FE6007EDC66 /* PBXTargetDependency */,
			);
			name = PaymentsTests;
			productName = PaymentsTests;
			productReference = 341BED3B26124FE6007EDC66 /* PaymentsTests.xctest */;
			productType = "com.apple.product-type.bundle.unit-test";
		};
		341BED4526124FE6007EDC66 /* PaymentsUITests */ = {
			isa = PBXNativeTarget;
			buildConfigurationList = 341BED5526124FE6007EDC66 /* Build configuration list for PBXNativeTarget "PaymentsUITests" */;
			buildPhases = (
				341BED4226124FE6007EDC66 /* Sources */,
				341BED4326124FE6007EDC66 /* Frameworks */,
				341BED4426124FE6007EDC66 /* Resources */,
			);
			buildRules = (
			);
			dependencies = (
				341BED4826124FE6007EDC66 /* PBXTargetDependency */,
			);
			name = PaymentsUITests;
			productName = PaymentsUITests;
			productReference = 341BED4626124FE6007EDC66 /* PaymentsUITests.xctest */;
			productType = "com.apple.product-type.bundle.ui-testing";
		};
/* End PBXNativeTarget section */

/* Begin PBXProject section */
		341BED1D26124FE1007EDC66 /* Project object */ = {
			isa = PBXProject;
			attributes = {
				LastSwiftUpdateCheck = 1220;
				LastUpgradeCheck = 1220;
				TargetAttributes = {
					341BED2426124FE1007EDC66 = {
						CreatedOnToolsVersion = 12.2;
					};
					341BED3A26124FE6007EDC66 = {
						CreatedOnToolsVersion = 12.2;
						TestTargetID = 341BED2426124FE1007EDC66;
					};
					341BED4526124FE6007EDC66 = {
						CreatedOnToolsVersion = 12.2;
						TestTargetID = 341BED2426124FE1007EDC66;
					};
				};
			};
			buildConfigurationList = 341BED2026124FE1007EDC66 /* Build configuration list for PBXProject "Payments" */;
			compatibilityVersion = "Xcode 9.3";
			developmentRegion = en;
			hasScannedForEncodings = 0;
			knownRegions = (
				en,
				Base,
			);
			mainGroup = 341BED1C26124FE1007EDC66;
			productRefGroup = 341BED2626124FE1007EDC66 /* Products */;
			projectDirPath = "";
			projectRoot = "";
			targets = (
				341BED2426124FE1007EDC66 /* Payments */,
				341BED3A26124FE6007EDC66 /* PaymentsTests */,
				341BED4526124FE6007EDC66 /* PaymentsUITests */,
			);
		};
/* End PBXProject section */

/* Begin PBXResourcesBuildPhase section */
		341BED2326124FE1007EDC66 /* Resources */ = {
			isa = PBXResourcesBuildPhase;
			buildActionMask = 2147483647;
			files = (
				341BED3526124FE6007EDC66 /* LaunchScreen.storyboard in Resources */,
				341BED3226124FE6007EDC66 /* Assets.xcassets in Resources */,
				341BED3026124FE1007EDC66 /* Main.storyboard in Resources */,
			);
			runOnlyForDeploymentPostprocessing = 0;
		};
		341BED3926124FE6007EDC66 /* Resources */ = {
			isa = PBXResourcesBuildPhase;
			buildActionMask = 2147483647;
			files = (
			);
			runOnlyForDeploymentPostprocessing = 0;
		};
		341BED4426124FE6007EDC66 /* Resources */ = {
			isa = PBXResourcesBuildPhase;
			buildActionMask = 2147483647;
			files = (
			);
			runOnlyForDeploymentPostprocessing = 0;
		};
/* End PBXResourcesBuildPhase section */

/* Begin PBXSourcesBuildPhase section */
		341BED2126124FE1007EDC66 /* Sources */ = {
			isa = PBXSourcesBuildPhase;
			buildActionMask = 2147483647;
			files = (
				341BED2D26124FE1007EDC66 /* ViewController.swift in Sources */,
				341BED2926124FE1007EDC66 /* AppDelegate.swift in Sources */,
				341BED2B26124FE1007EDC66 /* SceneDelegate.swift in Sources */,
			);
			runOnlyForDeploymentPostprocessing = 0;
		};
		341BED3726124FE6007EDC66 /* Sources */ = {
			isa = PBXSourcesBuildPhase;
			buildActionMask = 2147483647;
			files = (
				341BED4026124FE6007EDC66 /* PaymentsTests.swift in Sources */,
			);
			runOnlyForDeploymentPostprocessing = 0;
		};
		341BED4226124FE6007EDC66 /* Sources */ = {
			isa = PBXSourcesBuildPhase;
			buildActionMask = 2147483647;
			files = (
				341BED4B26124FE6007EDC66 /* PaymentsUITests.swift in Sources */,
			);
			runOnlyForDeploymentPostprocessing = 0;
		};
/* End PBXSourcesBuildPhase section */

/* Begin PBXTargetDependency section */
		341BED3D26124FE6007EDC66 /* PBXTargetDependency */ = {
			isa = PBXTargetDependency;
			target = 341BED2426124FE1007EDC66 /* Payments */;
			targetProxy = 341BED3C26124FE6007EDC66 /* PBXContainerItemProxy */;
		};
		341BED4826124FE6007EDC66 /* PBXTargetDependency */ = {
			isa = PBXTargetDependency;
			target = 341BED2426124FE1007EDC66 /* Payments */;
			targetProxy = 341BED4726124FE6007EDC66 /* PBXContainerItemProxy */;
		};
/* End PBXTargetDependency section */

/* Begin PBXVariantGroup section */
		341BED2E26124FE1007EDC66 /* Main.storyboard */ = {
			isa = PBXVariantGroup;
			children = (
				341BED2F26124FE1007EDC66 /* Base */,
			);
			name = Main.storyboard;
			sourceTree = "<group>";
		};
		341BED3326124FE6007EDC66 /* LaunchScreen.storyboard */ = {
			isa = PBXVariantGroup;
			children = (
				341BED3426124FE6007EDC66 /* Base */,
			);
			name = LaunchScreen.storyboard;
			sourceTree = "<group>";
		};
/* End PBXVariantGroup section */

/* Begin XCBuildConfiguration section */
		341BED4D26124FE6007EDC66 /* Debug */ = {
			isa = XCBuildConfiguration;
			buildSettings = {
				ALWAYS_SEARCH_USER_PATHS = NO;
				CLANG_ANALYZER_NONNULL = YES;
				CLANG_ANALYZER_NUMBER_OBJECT_CONVERSION = YES_AGGRESSIVE;
				CLANG_CXX_LANGUAGE_STANDARD = "gnu++14";
				CLANG_CXX_LIBRARY = "libc++";
				CLANG_ENABLE_MODULES = YES;
				CLANG_ENABLE_OBJC_ARC = YES;
				CLANG_ENABLE_OBJC_WEAK = YES;
				CLANG_WARN_BLOCK_CAPTURE_AUTORELEASING = YES;
				CLANG_WARN_BOOL_CONVERSION = YES;
				CLANG_WARN_COMMA = YES;
				CLANG_WARN_CONSTANT_CONVERSION = YES;
				CLANG_WARN_DEPRECATED_OBJC_IMPLEMENTATIONS = YES;
				CLANG_WARN_DIRECT_OBJC_ISA_USAGE = YES_ERROR;
				CLANG_WARN_DOCUMENTATION_COMMENTS = YES;
				CLANG_WARN_EMPTY_BODY = YES;
				CLANG_WARN_ENUM_CONVERSION = YES;
				CLANG_WARN_INFINITE_RECURSION = YES;
				CLANG_WARN_INT_CONVERSION = YES;
				CLANG_WARN_NON_LITERAL_NULL_CONVERSION = YES;
				CLANG_WARN_OBJC_IMPLICIT_RETAIN_SELF = YES;
				CLANG_WARN_OBJC_LITERAL_CONVERSION = YES;
				CLANG_WARN_OBJC_ROOT_CLASS = YES_ERROR;
				CLANG_WARN_QUOTED_INCLUDE_IN_FRAMEWORK_HEADER = YES;
				CLANG_WARN_RANGE_LOOP_ANALYSIS = YES;
				CLANG_WARN_STRICT_PROTOTYPES = YES;
				CLANG_WARN_SUSPICIOUS_MOVE = YES;
				CLANG_WARN_UNGUARDED_AVAILABILITY = YES_AGGRESSIVE;
				CLANG_WARN_UNREACHABLE_CODE = YES;
				CLANG_WARN__DUPLICATE_METHOD_MATCH = YES;
				COPY_PHASE_STRIP = NO;
				DEBUG_INFORMATION_FORMAT = dwarf;
				ENABLE_STRICT_OBJC_MSGSEND = YES;
				ENABLE_TESTABILITY = YES;
				GCC_C_LANGUAGE_STANDARD = gnu11;
				GCC_DYNAMIC_NO_PIC = NO;
				GCC_NO_COMMON_BLOCKS = YES;
				GCC_OPTIMIZATION_LEVEL = 0;
				GCC_PREPROCESSOR_DEFINITIONS = (
					"DEBUG=1",
					"$(inherited)",
				);
				GCC_WARN_64_TO_32_BIT_CONVERSION = YES;
				GCC_WARN_ABOUT_RETURN_TYPE = YES_ERROR;
				GCC_WARN_UNDECLARED_SELECTOR = YES;
				GCC_WARN_UNINITIALIZED_AUTOS = YES_AGGRESSIVE;
				GCC_WARN_UNUSED_FUNCTION = YES;
				GCC_WARN_UNUSED_VARIABLE = YES;
				IPHONEOS_DEPLOYMENT_TARGET = 14.2;
				MTL_ENABLE_DEBUG_INFO = INCLUDE_SOURCE;
				MTL_FAST_MATH = YES;
				ONLY_ACTIVE_ARCH = YES;
				SDKROOT = iphoneos;
				SWIFT_ACTIVE_COMPILATION_CONDITIONS = DEBUG;
				SWIFT_OPTIMIZATION_LEVEL = "-Onone";
			};
			name = Debug;
		};
		341BED4E26124FE6007EDC66 /* Release */ = {
			isa = XCBuildConfiguration;
			buildSettings = {
				ALWAYS_SEARCH_USER_PATHS = NO;
				CLANG_ANALYZER_NONNULL = YES;
				CLANG_ANALYZER_NUMBER_OBJECT_CONVERSION = YES_AGGRESSIVE;
				CLANG_CXX_LANGUAGE_STANDARD = "gnu++14";
				CLANG_CXX_LIBRARY = "libc++";
				CLANG_ENABLE_MODULES = YES;
				CLANG_ENABLE_OBJC_ARC = YES;
				CLANG_ENABLE_OBJC_WEAK = YES;
				CLANG_WARN_BLOCK_CAPTURE_AUTORELEASING = YES;
				CLANG_WARN_BOOL_CONVERSION = YES;
				CLANG_WARN_COMMA = YES;
				CLANG_WARN_CONSTANT_CONVERSION = YES;
				CLANG_WARN_DEPRECATED_OBJC_IMPLEMENTATIONS = YES;
				CLANG_WARN_DIRECT_OBJC_ISA_USAGE = YES_ERROR;
				CLANG_WARN_DOCUMENTATION_COMMENTS = YES;
				CLANG_WARN_EMPTY_BODY = YES;
				CLANG_WARN_ENUM_CONVERSION = YES;
				CLANG_WARN_INFINITE_RECURSION = YES;
				CLANG_WARN_INT_CONVERSION = YES;
				CLANG_WARN_NON_LITERAL_NULL_CONVERSION = YES;
				CLANG_WARN_OBJC_IMPLICIT_RETAIN_SELF = YES;
				CLANG_WARN_OBJC_LITERAL_CONVERSION = YES;
				CLANG_WARN_OBJC_ROOT_CLASS = YES_ERROR;
				CLANG_WARN_QUOTED_INCLUDE_IN_FRAMEWORK_HEADER = YES;
				CLANG_WARN_RANGE_LOOP_ANALYSIS = YES;
				CLANG_WARN_STRICT_PROTOTYPES = YES;
				CLANG_WARN_SUSPICIOUS_MOVE = YES;
				CLANG_WARN_UNGUARDED_AVAILABILITY = YES_AGGRESSIVE;
				CLANG_WARN_UNREACHABLE_CODE = YES;
				CLANG_WARN__DUPLICATE_METHOD_MATCH = YES;
				COPY_PHASE_STRIP = NO;
				DEBUG_INFORMATION_FORMAT = "dwarf-with-dsym";
				ENABLE_NS_ASSERTIONS = NO;
				ENABLE_STRICT_OBJC_MSGSEND = YES;
				GCC_C_LANGUAGE_STANDARD = gnu11;
				GCC_NO_COMMON_BLOCKS = YES;
				GCC_WARN_64_TO_32_BIT_CONVERSION = YES;
				GCC_WARN_ABOUT_RETURN_TYPE = YES_ERROR;
				GCC_WARN_UNDECLARED_SELECTOR = YES;
				GCC_WARN_UNINITIALIZED_AUTOS = YES_AGGRESSIVE;
				GCC_WARN_UNUSED_FUNCTION = YES;
				GCC_WARN_UNUSED_VARIABLE = YES;
				IPHONEOS_DEPLOYMENT_TARGET = 14.2;
				MTL_ENABLE_DEBUG_INFO = NO;
				MTL_FAST_MATH = YES;
				SDKROOT = iphoneos;
				SWIFT_COMPILATION_MODE = wholemodule;
				SWIFT_OPTIMIZATION_LEVEL = "-O";
				VALIDATE_PRODUCT = YES;
			};
			name = Release;
		};
		341BED5026124FE6007EDC66 /* Debug */ = {
			isa = XCBuildConfiguration;
			buildSettings = {
				ASSETCATALOG_COMPILER_APPICON_NAME = AppIcon;
				ASSETCATALOG_COMPILER_GLOBAL_ACCENT_COLOR_NAME = AccentColor;
				CODE_SIGN_STYLE = Automatic;
				DEVELOPMENT_TEAM = S933X2DZ5C;
				INFOPLIST_FILE = Payments/Info.plist;
				LD_RUNPATH_SEARCH_PATHS = (
					"$(inherited)",
					"@executable_path/Frameworks",
				);
				PRODUCT_BUNDLE_IDENTIFIER = com.karolbryzgiel.Payments;
				PRODUCT_NAME = "$(TARGET_NAME)";
				SWIFT_VERSION = 5.0;
				TARGETED_DEVICE_FAMILY = "1,2";
			};
			name = Debug;
		};
		341BED5126124FE6007EDC66 /* Release */ = {
			isa = XCBuildConfiguration;
			buildSettings = {
				ASSETCATALOG_COMPILER_APPICON_NAME = AppIcon;
				ASSETCATALOG_COMPILER_GLOBAL_ACCENT_COLOR_NAME = AccentColor;
				CODE_SIGN_STYLE = Automatic;
				DEVELOPMENT_TEAM = S933X2DZ5C;
				INFOPLIST_FILE = Payments/Info.plist;
				LD_RUNPATH_SEARCH_PATHS = (
					"$(inherited)",
					"@executable_path/Frameworks",
				);
				PRODUCT_BUNDLE_IDENTIFIER = com.karolbryzgiel.Payments;
				PRODUCT_NAME = "$(TARGET_NAME)";
				SWIFT_VERSION = 5.0;
				TARGETED_DEVICE_FAMILY = "1,2";
			};
			name = Release;
		};
		341BED5326124FE6007EDC66 /* Debug */ = {
			isa = XCBuildConfiguration;
			buildSettings = {
				ALWAYS_EMBED_SWIFT_STANDARD_LIBRARIES = YES;
				BUNDLE_LOADER = "$(TEST_HOST)";
				CODE_SIGN_STYLE = Automatic;
				DEVELOPMENT_TEAM = S933X2DZ5C;
				INFOPLIST_FILE = PaymentsTests/Info.plist;
				IPHONEOS_DEPLOYMENT_TARGET = 14.2;
				LD_RUNPATH_SEARCH_PATHS = (
					"$(inherited)",
					"@executable_path/Frameworks",
					"@loader_path/Frameworks",
				);
				PRODUCT_BUNDLE_IDENTIFIER = com.karolbryzgiel.PaymentsTests;
				PRODUCT_NAME = "$(TARGET_NAME)";
				SWIFT_VERSION = 5.0;
				TARGETED_DEVICE_FAMILY = "1,2";
				TEST_HOST = "$(BUILT_PRODUCTS_DIR)/Payments.app/Payments";
			};
			name = Debug;
		};
		341BED5426124FE6007EDC66 /* Release */ = {
			isa = XCBuildConfiguration;
			buildSettings = {
				ALWAYS_EMBED_SWIFT_STANDARD_LIBRARIES = YES;
				BUNDLE_LOADER = "$(TEST_HOST)";
				CODE_SIGN_STYLE = Automatic;
				DEVELOPMENT_TEAM = S933X2DZ5C;
				INFOPLIST_FILE = PaymentsTests/Info.plist;
				IPHONEOS_DEPLOYMENT_TARGET = 14.2;
				LD_RUNPATH_SEARCH_PATHS = (
					"$(inherited)",
					"@executable_path/Frameworks",
					"@loader_path/Frameworks",
				);
				PRODUCT_BUNDLE_IDENTIFIER = com.karolbryzgiel.PaymentsTests;
				PRODUCT_NAME = "$(TARGET_NAME)";
				SWIFT_VERSION = 5.0;
				TARGETED_DEVICE_FAMILY = "1,2";
				TEST_HOST = "$(BUILT_PRODUCTS_DIR)/Payments.app/Payments";
			};
			name = Release;
		};
		341BED5626124FE6007EDC66 /* Debug */ = {
			isa = XCBuildConfiguration;
			buildSettings = {
				ALWAYS_EMBED_SWIFT_STANDARD_LIBRARIES = YES;
				CODE_SIGN_STYLE = Automatic;
				DEVELOPMENT_TEAM = S933X2DZ5C;
				INFOPLIST_FILE = PaymentsUITests/Info.plist;
				LD_RUNPATH_SEARCH_PATHS = (
					"$(inherited)",
					"@executable_path/Frameworks",
					"@loader_path/Frameworks",
				);
				PRODUCT_BUNDLE_IDENTIFIER = com.karolbryzgiel.PaymentsUITests;
				PRODUCT_NAME = "$(TARGET_NAME)";
				SWIFT_VERSION = 5.0;
				TARGETED_DEVICE_FAMILY = "1,2";
				TEST_TARGET_NAME = Payments;
			};
			name = Debug;
		};
		341BED5726124FE6007EDC66 /* Release */ = {
			isa = XCBuildConfiguration;
			buildSettings = {
				ALWAYS_EMBED_SWIFT_STANDARD_LIBRARIES = YES;
				CODE_SIGN_STYLE = Automatic;
				DEVELOPMENT_TEAM = S933X2DZ5C;
				INFOPLIST_FILE = PaymentsUITests/Info.plist;
				LD_RUNPATH_SEARCH_PATHS = (
					"$(inherited)",
					"@executable_path/Frameworks",
					"@loader_path/Frameworks",
				);
				PRODUCT_BUNDLE_IDENTIFIER = com.karolbryzgiel.PaymentsUITests;
				PRODUCT_NAME = "$(TARGET_NAME)";
				SWIFT_VERSION = 5.0;
				TARGETED_DEVICE_FAMILY = "1,2";
				TEST_TARGET_NAME = Payments;
			};
			name = Release;
		};
/* End XCBuildConfiguration section */

/* Begin XCConfigurationList section */
		341BED2026124FE1007EDC66 /* Build configuration list for PBXProject "Payments" */ = {
			isa = XCConfigurationList;
			buildConfigurations = (
				341BED4D26124FE6007EDC66 /* Debug */,
				341BED4E26124FE6007EDC66 /* Release */,
			);
			defaultConfigurationIsVisible = 0;
			defaultConfigurationName = Release;
		};
		341BED4F26124FE6007EDC66 /* Build configuration list for PBXNativeTarget "Payments" */ = {
			isa = XCConfigurationList;
			buildConfigurations = (
				341BED5026124FE6007EDC66 /* Debug */,
				341BED5126124FE6007EDC66 /* Release */,
			);
			defaultConfigurationIsVisible = 0;
			defaultConfigurationName = Release;
		};
		341BED5226124FE6007EDC66 /* Build configuration list for PBXNativeTarget "PaymentsTests" */ = {
			isa = XCConfigurationList;
			buildConfigurations = (
				341BED5326124FE6007EDC66 /* Debug */,
				341BED5426124FE6007EDC66 /* Release */,
			);
			defaultConfigurationIsVisible = 0;
			defaultConfigurationName = Release;
		};
		341BED5526124FE6007EDC66 /* Build configuration list for PBXNativeTarget "PaymentsUITests" */ = {
			isa = XCConfigurationList;
			buildConfigurations = (
				341BED5626124FE6007EDC66 /* Debug */,
				341BED5726124FE6007EDC66 /* Release */,
			);
			defaultConfigurationIsVisible = 0;
			defaultConfigurationName = Release;
		};
/* End XCConfigurationList section */
	};
	rootObject = 341BED1D26124FE1007EDC66 /* Project object */;
}
